
Microsoft Visual Studio Solution File, Format Version 12.00
# Visual Studio Version 17
VisualStudioVersion = 17.9.34728.123
MinimumVisualStudioVersion = 10.0.40219.1
Project("{9A19103F-16F7-4668-BE54-9A1E7A4F7556}") = "FoodDeliveryApp", "FoodDeliveryApp\FoodDeliveryApp.csproj", "{9E0ECB38-BEA0-42F9-B134-05FBA1CA1119}"
EndProject
Global
	GlobalSection(SolutionConfigurationPlatforms) = preSolution
		Debug|Any CPU = Debug|Any CPU
		Release|Any CPU = Release|Any CPU
	EndGlobalSection
	GlobalSection(ProjectConfigurationPlatforms) = postSolution
		{9E0ECB38-BEA0-42F9-B134-05FBA1CA1119}.Debug|Any CPU.ActiveCfg = Debug|Any CPU
		{9E0ECB38-BEA0-42F9-B134-05FBA1CA1119}.Debug|Any CPU.Build.0 = Debug|Any CPU
		{9E0ECB38-BEA0-42F9-B134-05FBA1CA1119}.Release|Any CPU.ActiveCfg = Release|Any CPU
		{9E0ECB38-BEA0-42F9-B134-05FBA1CA1119}.Release|Any CPU.Build.0 = Release|Any CPU
	EndGlobalSection
	GlobalSection(SolutionProperties) = preSolution
		HideSolutionNode = FALSE
	EndGlobalSection
	GlobalSection(ExtensibilityGlobals) = postSolution
		SolutionGuid = {2D8BC767-7C5E-4645-BEFC-3F670E326A80}
	EndGlobalSection
EndGlobal
